
Microsoft Visual Studio Solution File, Format Version 12.00
# Visual Studio Version 17
VisualStudioVersion = 17.1.32210.238
MinimumVisualStudioVersion = 10.0.40219.1
Project("{9A19103F-16F7-4668-BE54-9A1E7A4F7556}") = "boxrec", "boxrec\boxrec.csproj", "{EBD2AC0B-9669-43D7-8285-EA4A44639067}"
EndProject
Project("{54435603-DBB4-11D2-8724-00A0C9A8B90C}") = "boxrec_setup", "boxrec_setup\boxrec_setup.vdproj", "{AF071F78-CF67-4DEB-9A20-CD6F8D107E1A}"
EndProject
Project("{9A19103F-16F7-4668-BE54-9A1E7A4F7556}") = "BoxrecTests.Test", "BoxrecTests.Test\BoxrecTests.Test.csproj", "{D769A5EF-B7B0-4A37-990B-C8D69355518A}"
EndProject
Global
	GlobalSection(SolutionConfigurationPlatforms) = preSolution
		Debug|Any CPU = Debug|Any CPU
		Release|Any CPU = Release|Any CPU
	EndGlobalSection
	GlobalSection(ProjectConfigurationPlatforms) = postSolution
		{EBD2AC0B-9669-43D7-8285-EA4A44639067}.Debug|Any CPU.ActiveCfg = Debug|Any CPU
		{EBD2AC0B-9669-43D7-8285-EA4A44639067}.Debug|Any CPU.Build.0 = Debug|Any CPU
		{EBD2AC0B-9669-43D7-8285-EA4A44639067}.Release|Any CPU.ActiveCfg = Release|Any CPU
		{EBD2AC0B-9669-43D7-8285-EA4A44639067}.Release|Any CPU.Build.0 = Release|Any CPU
		{AF071F78-CF67-4DEB-9A20-CD6F8D107E1A}.Debug|Any CPU.ActiveCfg = Debug
		{AF071F78-CF67-4DEB-9A20-CD6F8D107E1A}.Release|Any CPU.ActiveCfg = Release
		{D769A5EF-B7B0-4A37-990B-C8D69355518A}.Debug|Any CPU.ActiveCfg = Debug|Any CPU
		{D769A5EF-B7B0-4A37-990B-C8D69355518A}.Debug|Any CPU.Build.0 = Debug|Any CPU
		{D769A5EF-B7B0-4A37-990B-C8D69355518A}.Release|Any CPU.ActiveCfg = Release|Any CPU
		{D769A5EF-B7B0-4A37-990B-C8D69355518A}.Release|Any CPU.Build.0 = Release|Any CPU
	EndGlobalSection
	GlobalSection(SolutionProperties) = preSolution
		HideSolutionNode = FALSE
	EndGlobalSection
	GlobalSection(ExtensibilityGlobals) = postSolution
		SolutionGuid = {2BA4753D-D644-4BF9-8E9D-44AD92D1781F}
	EndGlobalSection
EndGlobal
